
Microsoft Visual Studio Solution File, Format Version 12.00
# Visual Studio Version 16
VisualStudioVersion = 16.0.29709.97
MinimumVisualStudioVersion = 10.0.40219.1
Project("{FAE04EC0-301F-11D3-BF4B-00C04F79EFBC}") = "ProcessDocumentsUsingProducerConsumerPattern", "ProcessDocumentsUsingProducerConsumerPattern\ProcessDocumentsUsingProducerConsumerPattern.csproj", "{881A3B00-EDEA-462C-A5F5-412E314C094E}"
EndProject
Global
	GlobalSection(SolutionConfigurationPlatforms) = preSolution
		Debug|Any CPU = Debug|Any CPU
		Release|Any CPU = Release|Any CPU
	EndGlobalSection
	GlobalSection(ProjectConfigurationPlatforms) = postSolution
		{881A3B00-EDEA-462C-A5F5-412E314C094E}.Debug|Any CPU.ActiveCfg = Debug|Any CPU
		{881A3B00-EDEA-462C-A5F5-412E314C094E}.Debug|Any CPU.Build.0 = Debug|Any CPU
		{881A3B00-EDEA-462C-A5F5-412E314C094E}.Release|Any CPU.ActiveCfg = Release|Any CPU
		{881A3B00-EDEA-462C-A5F5-412E314C094E}.Release|Any CPU.Build.0 = Release|Any CPU
	EndGlobalSection
	GlobalSection(SolutionProperties) = preSolution
		HideSolutionNode = FALSE
	EndGlobalSection
	GlobalSection(ExtensibilityGlobals) = postSolution
		SolutionGuid = {5FE3753A-7C87-4BCD-965A-A307D89E3D81}
	EndGlobalSection
EndGlobal
